{
  "name": "planets_project",
  "version": "1.0.0",
  "lockfileVersion": 2,
  "requires": true,
  "packages": {
    "": {
      "name": "planets_project",
      "version": "1.0.0",
      "license": "ISC",
      "dependencies": {
        "csv-parse": "^5.3.2"
      }
    },
    "node_modules/csv-parse": {
      "version": "5.3.2",
      "resolved": "https://registry.npmjs.org/csv-parse/-/csv-parse-5.3.2.tgz",
      "integrity": "sha512-3jQ/JMs+voKxr4vwpmElS1d37J0o6rQdQyEKoPyA9HG8fYczpLaBJnmp5ykvkXL8ZeEGVP0qwLU645BZVykXKw=="
    }
  },
  "dependencies": {
    "csv-parse": {
      "version": "5.3.2",
      "resolved": "https://registry.npmjs.org/csv-parse/-/csv-parse-5.3.2.tgz",
      "integrity": "sha512-3jQ/JMs+voKxr4vwpmElS1d37J0o6rQdQyEKoPyA9HG8fYczpLaBJnmp5ykvkXL8ZeEGVP0qwLU645BZVykXKw=="
    }
  }
}
